hash: be374bccd1ce8cf56b5e67c95e1acd96406f94988c299ab9f5dff6c315e48c5d
updated: 2017-05-02T13:06:19.175142078+03:00
imports:
- name: github.com/beorn7/perks
  version: 4c0e84591b9aa9e6dcfdf3e020114cd81f89d5f9
  subpackages:
  - quantile
- name: github.com/codegangsta/inject
  version: 37d7f8432a3e684eef9b2edece76bdfa6ac85b39
- name: github.com/codeskyblue/go-sh
  version: b097669b1569203c3ce05a6b8717d43140fdb3d5
- name: github.com/golang/protobuf
  version: 18c9bb3261723cd5401db4d0c9fbc5c3b6c70fe8
  subpackages:
  - proto
- name: github.com/matttproud/golang_protobuf_extensions
  version: c12348ce28de40eed0136aa2b644d0ee0650e56c
  subpackages:
  - pbutil
- name: github.com/pkg/errors
  version: 645ef00459ed84a119197bfb8d8205042c6df63d
- name: github.com/prometheus/client_golang
  version: c5b7fccd204277076155f10851dad72b76a49317
  subpackages:
  - prometheus
  - prometheus/promhttp
- name: github.com/prometheus/client_model
  version: 6f3806018612930941127f2a7c6c453ba2c527d2
  subpackages:
  - go
- name: github.com/prometheus/common
  version: 13ba4ddd0caa9c28ca7b7bffe1dfa9ed8d5ef207
  subpackages:
  - expfmt
  - internal/bitbucket.org/ww/goautoneg
  - model
- name: github.com/prometheus/procfs
  version: 6ac8c5d890d415025dd5aae7595bcb2a6e7e2fad
  subpackages:
  - xfs
- name: github.com/robfig/cron
  version: df38d32658d8788cd446ba74db4bb5375c4b0cb3
- name: github.com/Sirupsen/logrus
  version: ba1b36c82c5e05c4f912a88eab0dcd91a171688f
- name: golang.org/x/sys
  version: 9ccfe848b9db8435a24c424abbc07a921adf1df5
  subpackages:
  - unix
- name: gopkg.in/mgo.v2
  version: 3f83fa5005286a7fe593b055f0d7771a7dce4655
- name: gopkg.in/yaml.v2
  version: cd8b52f8269e0feb286dfeef29f8fe4d5b397e0b
testImports: []
